{
  "nodes": {
    "flakeutils": {
      "locked": {
        "lastModified": 1667395993,
        "narHash": "sha256-nuEHfE/LcWyuSWnS8t12N1wc105Qtau+/OdUAjtQ0rA=",
        "owner": "numtide",
        "repo": "flake-utils",
        "rev": "5aed5285a952e0b949eb3ba02c12fa4fcfef535f",
        "type": "github"
      },
      "original": {
        "owner": "numtide",
        "repo": "flake-utils",
        "type": "github"
      }
    },
    "nixpkgs": {
      "locked": {
        "lastModified": 1673163619,
        "narHash": "sha256-B33PFBL64ZgTWgMnhFL3jgheAN/DjHPsZ1Ih3z0VE5I=",
        "owner": "NixOS",
        "repo": "nixpkgs",
        "rev": "8c54d842d9544361aac5f5b212ba04e4089e8efe",
        "type": "github"
      },
      "original": {
        "owner": "NixOS",
        "ref": "nixos-22.11",
        "repo": "nixpkgs",
        "type": "github"
      }
    },
    "render-anim": {
      "flake": false,
      "locked": {
        "lastModified": 1661952994,
        "narHash": "sha256-cPBe/a+8KbT7cPJgRPVpwRNnaiedS2cR90iEZBln+xw=",
        "owner": "jdbosser",
        "repo": "render-anim",
        "rev": "9a480ee84ed0c7e2073bdbdd0abfa924a7c3af5a",
        "type": "github"
      },
      "original": {
        "owner": "jdbosser",
        "repo": "render-anim",
        "type": "github"
      }
    },
    "root": {
      "inputs": {
        "flakeutils": "flakeutils",
        "nixpkgs": "nixpkgs",
        "render-anim": "render-anim"
      }
    }
  },
  "root": "root",
  "version": 7
}
